
Microsoft Visual Studio Solution File, Format Version 12.00
# Visual Studio Version 16
VisualStudioVersion = 16.0.31829.152
MinimumVisualStudioVersion = 10.0.40219.1
Project("{FAE04EC0-301F-11D3-BF4B-00C04F79EFBC}") = "Calculator", "Calculator.csproj", "{252C09E7-DEB3-458A-B841-0AB71F1EFF02}"
EndProject
Global
	GlobalSection(SolutionConfigurationPlatforms) = preSolution
		Debug|Any CPU = Debug|Any CPU
		Release|Any CPU = Release|Any CPU
	EndGlobalSection
	GlobalSection(ProjectConfigurationPlatforms) = postSolution
		{252C09E7-DEB3-458A-B841-0AB71F1EFF02}.Debug|Any CPU.ActiveCfg = Debug|Any CPU
		{252C09E7-DEB3-458A-B841-0AB71F1EFF02}.Debug|Any CPU.Build.0 = Debug|Any CPU
		{252C09E7-DEB3-458A-B841-0AB71F1EFF02}.Release|Any CPU.ActiveCfg = Release|Any CPU
		{252C09E7-DEB3-458A-B841-0AB71F1EFF02}.Release|Any CPU.Build.0 = Release|Any CPU
	EndGlobalSection
	GlobalSection(SolutionProperties) = preSolution
		HideSolutionNode = FALSE
	EndGlobalSection
	GlobalSection(ExtensibilityGlobals) = postSolution
		SolutionGuid = {1254825E-975F-457D-A125-48A540B0FC29}
	EndGlobalSection
EndGlobal
